
Microsoft Visual Studio Solution File, Format Version 11.00
# Visual C++ Express 2010
Project("{8BC9CEB8-8B4A-11D0-8D11-00A0C91BC942}") = "CommaNum", "CommaNum\CommaNum.vcxproj", "{05472B74-87C0-45AB-BAB6-1D0B2F6AD003}"
EndProject
Global
	GlobalSection(SolutionConfigurationPlatforms) = preSolution
		Debug|Win32 = Debug|Win32
		Release|Win32 = Release|Win32
	EndGlobalSection
	GlobalSection(ProjectConfigurationPlatforms) = postSolution
		{05472B74-87C0-45AB-BAB6-1D0B2F6AD003}.Debug|Win32.ActiveCfg = Debug|Win32
		{05472B74-87C0-45AB-BAB6-1D0B2F6AD003}.Debug|Win32.Build.0 = Debug|Win32
		{05472B74-87C0-45AB-BAB6-1D0B2F6AD003}.Release|Win32.ActiveCfg = Release|Win32
		{05472B74-87C0-45AB-BAB6-1D0B2F6AD003}.Release|Win32.Build.0 = Release|Win32
	EndGlobalSection
	GlobalSection(SolutionProperties) = preSolution
		HideSolutionNode = FALSE
	EndGlobalSection
EndGlobal
